
Microsoft Visual Studio Solution File, Format Version 12.00
# Visual Studio 2012
Project("{FAE04EC0-301F-11D3-BF4B-00C04F79EFBC}") = "اسم المستخدم وكلمه المرور", "اسم المستخدم وكلمه المرور\اسم المستخدم وكلمه المرور.csproj", "{98819C61-05C2-4306-8DB3-7E13985A50EC}"
EndProject
Global
	GlobalSection(SolutionConfigurationPlatforms) = preSolution
		Debug|Any CPU = Debug|Any CPU
		Release|Any CPU = Release|Any CPU
	EndGlobalSection
	GlobalSection(ProjectConfigurationPlatforms) = postSolution
		{98819C61-05C2-4306-8DB3-7E13985A50EC}.Debug|Any CPU.ActiveCfg = Debug|Any CPU
		{98819C61-05C2-4306-8DB3-7E13985A50EC}.Debug|Any CPU.Build.0 = Debug|Any CPU
		{98819C61-05C2-4306-8DB3-7E13985A50EC}.Release|Any CPU.ActiveCfg = Release|Any CPU
		{98819C61-05C2-4306-8DB3-7E13985A50EC}.Release|Any CPU.Build.0 = Release|Any CPU
	EndGlobalSection
	GlobalSection(SolutionProperties) = preSolution
		HideSolutionNode = FALSE
	EndGlobalSection
EndGlobal
